
Microsoft Visual Studio Solution File, Format Version 12.00
# Visual Studio Version 17
VisualStudioVersion = 17.13.35825.156 d17.13
MinimumVisualStudioVersion = 10.0.40219.1
Project("{FAE04EC0-301F-11D3-BF4B-00C04F79EFBC}") = "Stream", "Stream.csproj", "{331D2A39-9FFE-4CE5-903F-49AF3BDB9828}"
EndProject
Global
	GlobalSection(SolutionConfigurationPlatforms) = preSolution
		Debug|Any CPU = Debug|Any CPU
		Release|Any CPU = Release|Any CPU
	EndGlobalSection
	GlobalSection(ProjectConfigurationPlatforms) = postSolution
		{331D2A39-9FFE-4CE5-903F-49AF3BDB9828}.Debug|Any CPU.ActiveCfg = Debug|Any CPU
		{331D2A39-9FFE-4CE5-903F-49AF3BDB9828}.Debug|Any CPU.Build.0 = Debug|Any CPU
		{331D2A39-9FFE-4CE5-903F-49AF3BDB9828}.Release|Any CPU.ActiveCfg = Release|Any CPU
		{331D2A39-9FFE-4CE5-903F-49AF3BDB9828}.Release|Any CPU.Build.0 = Release|Any CPU
	EndGlobalSection
	GlobalSection(SolutionProperties) = preSolution
		HideSolutionNode = FALSE
	EndGlobalSection
	GlobalSection(ExtensibilityGlobals) = postSolution
		SolutionGuid = {443BF8D8-C21B-4D2F-AA31-7EF32DD8B2A6}
	EndGlobalSection
EndGlobal
